
Microsoft Visual Studio Solution File, Format Version 12.00
# Visual Studio 15
VisualStudioVersion = 15.0.27130.2020
MinimumVisualStudioVersion = 10.0.40219.1
Project("{FAE04EC0-301F-11D3-BF4B-00C04F79EFBC}") = "Forms.Maps.Android", "Forms.Maps\Forms.Maps.Android\Forms.Maps.Android.csproj", "{A51258B6-F2BB-48A5-AF9C-9E0AD558CF9A}"
EndProject
Project("{FAE04EC0-301F-11D3-BF4B-00C04F79EFBC}") = "Forms.Maps.iOS", "Forms.Maps\Forms.Maps.iOS\Forms.Maps.iOS.csproj", "{5149EEB5-9326-4FF7-A16E-4A9890A288D6}"
EndProject
Project("{FAE04EC0-301F-11D3-BF4B-00C04F79EFBC}") = "Forms.Maps.UWP", "Forms.Maps\Forms.Maps.UWP\Forms.Maps.UWP.csproj", "{A3FA65AB-5767-40EA-8482-94486AC058D3}"
EndProject
Project("{FAE04EC0-301F-11D3-BF4B-00C04F79EFBC}") = "Forms.Maps", "Forms.Maps\Forms.Maps\Forms.Maps.csproj", "{D462EC28-D5A1-452E-8E05-90BABF18DB7F}"
EndProject
Global
	GlobalSection(SolutionConfigurationPlatforms) = preSolution
		Ad-Hoc|Any CPU = Ad-Hoc|Any CPU
		Ad-Hoc|ARM = Ad-Hoc|ARM
		Ad-Hoc|iPhone = Ad-Hoc|iPhone
		Ad-Hoc|iPhoneSimulator = Ad-Hoc|iPhoneSimulator
		Ad-Hoc|x64 = Ad-Hoc|x64
		Ad-Hoc|x86 = Ad-Hoc|x86
		AppStore|Any CPU = AppStore|Any CPU
		AppStore|ARM = AppStore|ARM
		AppStore|iPhone = AppStore|iPhone
		AppStore|iPhoneSimulator = AppStore|iPhoneSimulator
		AppStore|x64 = AppStore|x64
		AppStore|x86 = AppStore|x86
		Debug|Any CPU = Debug|Any CPU
		Debug|ARM = Debug|ARM
		Debug|iPhone = Debug|iPhone
		Debug|iPhoneSimulator = Debug|iPhoneSimulator
		Debug|x64 = Debug|x64
		Debug|x86 = Debug|x86
		Release|Any CPU = Release|Any CPU
		Release|ARM = Release|ARM
		Release|iPhone = Release|iPhone
		Release|iPhoneSimulator = Release|iPhoneSimulator
		Release|x64 = Release|x64
		Release|x86 = Release|x86
	EndGlobalSection
	GlobalSection(ProjectConfigurationPlatforms) = postSolution
		{A51258B6-F2BB-48A5-AF9C-9E0AD558CF9A}.Ad-Hoc|Any CPU.ActiveCfg = Release|Any CPU
		{A51258B6-F2BB-48A5-AF9C-9E0AD558CF9A}.Ad-Hoc|Any CPU.Build.0 = Release|Any CPU
		{A51258B6-F2BB-48A5-AF9C-9E0AD558CF9A}.Ad-Hoc|Any CPU.Deploy.0 = Release|Any CPU
		{A51258B6-F2BB-48A5-AF9C-9E0AD558CF9A}.Ad-Hoc|ARM.ActiveCfg = Release|Any CPU
		{A51258B6-F2BB-48A5-AF9C-9E0AD558CF9A}.Ad-Hoc|ARM.Build.0 = Release|Any CPU
		{A51258B6-F2BB-48A5-AF9C-9E0AD558CF9A}.Ad-Hoc|ARM.Deploy.0 = Release|Any CPU
		{A51258B6-F2BB-48A5-AF9C-9E0AD558CF9A}.Ad-Hoc|iPhone.ActiveCfg = Release|Any CPU
		{A51258B6-F2BB-48A5-AF9C-9E0AD558CF9A}.Ad-Hoc|iPhone.Build.0 = Release|Any CPU
		{A51258B6-F2BB-48A5-AF9C-9E0AD558CF9A}.Ad-Hoc|iPhone.Deploy.0 = Release|Any CPU
		{A51258B6-F2BB-48A5-AF9C-9E0AD558CF9A}.Ad-Hoc|iPhoneSimulator.ActiveCfg = Release|Any CPU
		{A51258B6-F2BB-48A5-AF9C-9E0AD558CF9A}.Ad-Hoc|iPhoneSimulator.Build.0 = Release|Any CPU
		{A51258B6-F2BB-48A5-AF9C-9E0AD558CF9A}.Ad-Hoc|iPhoneSimulator.Deploy.0 = Release|Any CPU
		{A51258B6-F2BB-48A5-AF9C-9E0AD558CF9A}.Ad-Hoc|x64.ActiveCfg = Release|Any CPU
		{A51258B6-F2BB-48A5-AF9C-9E0AD558CF9A}.Ad-Hoc|x64.Build.0 = Release|Any CPU
		{A51258B6-F2BB-48A5-AF9C-9E0AD558CF9A}.Ad-Hoc|x64.Deploy.0 = Release|Any CPU
		{A51258B6-F2BB-48A5-AF9C-9E0AD558CF9A}.Ad-Hoc|x86.ActiveCfg = Release|Any CPU
		{A51258B6-F2BB-48A5-AF9C-9E0AD558CF9A}.Ad-Hoc|x86.Build.0 = Release|Any CPU
		{A51258B6-F2BB-48A5-AF9C-9E0AD558CF9A}.Ad-Hoc|x86.Deploy.0 = Release|Any CPU
		{A51258B6-F2BB-48A5-AF9C-9E0AD558CF9A}.AppStore|Any CPU.ActiveCfg = Release|Any CPU
		{A51258B6-F2BB-48A5-AF9C-9E0AD558CF9A}.AppStore|Any CPU.Build.0 = Release|Any CPU
		{A51258B6-F2BB-48A5-AF9C-9E0AD558CF9A}.AppStore|Any CPU.Deploy.0 = Release|Any CPU
		{A51258B6-F2BB-48A5-AF9C-9E0AD558CF9A}.AppStore|ARM.ActiveCfg = Release|Any CPU
		{A51258B6-F2BB-48A5-AF9C-9E0AD558CF9A}.AppStore|ARM.Build.0 = Release|Any CPU
		{A51258B6-F2BB-48A5-AF9C-9E0AD558CF9A}.AppStore|ARM.Deploy.0 = Release|Any CPU
		{A51258B6-F2BB-48A5-AF9C-9E0AD558CF9A}.AppStore|iPhone.ActiveCfg = Release|Any CPU
		{A51258B6-F2BB-48A5-AF9C-9E0AD558CF9A}.AppStore|iPhone.Build.0 = Release|Any CPU
		{A51258B6-F2BB-48A5-AF9C-9E0AD558CF9A}.AppStore|iPhone.Deploy.0 = Release|Any CPU
		{A51258B6-F2BB-48A5-AF9C-9E0AD558CF9A}.AppStore|iPhoneSimulator.ActiveCfg = Release|Any CPU
		{A51258B6-F2BB-48A5-AF9C-9E0AD558CF9A}.AppStore|iPhoneSimulator.Build.0 = Release|Any CPU
		{A51258B6-F2BB-48A5-AF9C-9E0AD558CF9A}.AppStore|iPhoneSimulator.Deploy.0 = Release|Any CPU
		{A51258B6-F2BB-48A5-AF9C-9E0AD558CF9A}.AppStore|x64.ActiveCfg = Release|Any CPU
		{A51258B6-F2BB-48A5-AF9C-9E0AD558CF9A}.AppStore|x64.Build.0 = Release|Any CPU
		{A51258B6-F2BB-48A5-AF9C-9E0AD558CF9A}.AppStore|x64.Deploy.0 = Release|Any CPU
		{A51258B6-F2BB-48A5-AF9C-9E0AD558CF9A}.AppStore|x86.ActiveCfg = Release|Any CPU
		{A51258B6-F2BB-48A5-AF9C-9E0AD558CF9A}.AppStore|x86.Build.0 = Release|Any CPU
		{A51258B6-F2BB-48A5-AF9C-9E0AD558CF9A}.AppStore|x86.Deploy.0 = Release|Any CPU
		{A51258B6-F2BB-48A5-AF9C-9E0AD558CF9A}.Debug|Any CPU.ActiveCfg = Debug|Any CPU
		{A51258B6-F2BB-48A5-AF9C-9E0AD558CF9A}.Debug|Any CPU.Build.0 = Debug|Any CPU
		{A51258B6-F2BB-48A5-AF9C-9E0AD558CF9A}.Debug|Any CPU.Deploy.0 = Debug|Any CPU
		{A51258B6-F2BB-48A5-AF9C-9E0AD558CF9A}.Debug|ARM.ActiveCfg = Debug|Any CPU
		{A51258B6-F2BB-48A5-AF9C-9E0AD558CF9A}.Debug|ARM.Build.0 = Debug|Any CPU
		{A51258B6-F2BB-48A5-AF9C-9E0AD558CF9A}.Debug|ARM.Deploy.0 = Debug|Any CPU
		{A51258B6-F2BB-48A5-AF9C-9E0AD558CF9A}.Debug|iPhone.ActiveCfg = Debug|Any CPU
		{A51258B6-F2BB-48A5-AF9C-9E0AD558CF9A}.Debug|iPhone.Build.0 = Debug|Any CPU
		{A51258B6-F2BB-48A5-AF9C-9E0AD558CF9A}.Debug|iPhone.Deploy.0 = Debug|Any CPU
		{A51258B6-F2BB-48A5-AF9C-9E0AD558CF9A}.Debug|iPhoneSimulator.ActiveCfg = Debug|Any CPU
		{A51258B6-F2BB-48A5-AF9C-9E0AD558CF9A}.Debug|iPhoneSimulator.Build.0 = Debug|Any CPU
		{A51258B6-F2BB-48A5-AF9C-9E0AD558CF9A}.Debug|iPhoneSimulator.Deploy.0 = Debug|Any CPU
		{A51258B6-F2BB-48A5-AF9C-9E0AD558CF9A}.Debug|x64.ActiveCfg = Debug|Any CPU
		{A51258B6-F2BB-48A5-AF9C-9E0AD558CF9A}.Debug|x64.Build.0 = Debug|Any CPU
		{A51258B6-F2BB-48A5-AF9C-9E0AD558CF9A}.Debug|x64.Deploy.0 = Debug|Any CPU
		{A51258B6-F2BB-48A5-AF9C-9E0AD558CF9A}.Debug|x86.ActiveCfg = Debug|Any CPU
		{A51258B6-F2BB-48A5-AF9C-9E0AD558CF9A}.Debug|x86.Build.0 = Debug|Any CPU
		{A51258B6-F2BB-48A5-AF9C-9E0AD558CF9A}.Debug|x86.Deploy.0 = Debug|Any CPU
		{A51258B6-F2BB-48A5-AF9C-9E0AD558CF9A}.Release|Any CPU.ActiveCfg = Release|Any CPU
		{A51258B6-F2BB-48A5-AF9C-9E0AD558CF9A}.Release|Any CPU.Build.0 = Release|Any CPU
		{A51258B6-F2BB-48A5-AF9C-9E0AD558CF9A}.Release|Any CPU.Deploy.0 = Release|Any CPU
		{A51258B6-F2BB-48A5-AF9C-9E0AD558CF9A}.Release|ARM.ActiveCfg = Release|Any CPU
		{A51258B6-F2BB-48A5-AF9C-9E0AD558CF9A}.Release|ARM.Build.0 = Release|Any CPU
		{A51258B6-F2BB-48A5-AF9C-9E0AD558CF9A}.Release|ARM.Deploy.0 = Release|Any CPU
		{A51258B6-F2BB-48A5-AF9C-9E0AD558CF9A}.Release|iPhone.ActiveCfg = Release|Any CPU
		{A51258B6-F2BB-48A5-AF9C-9E0AD558CF9A}.Release|iPhone.Build.0 = Release|Any CPU
		{A51258B6-F2BB-48A5-AF9C-9E0AD558CF9A}.Release|iPhone.Deploy.0 = Release|Any CPU
		{A51258B6-F2BB-48A5-AF9C-9E0AD558CF9A}.Release|iPhoneSimulator.ActiveCfg = Release|Any CPU
		{A51258B6-F2BB-48A5-AF9C-9E0AD558CF9A}.Release|iPhoneSimulator.Build.0 = Release|Any CPU
		{A51258B6-F2BB-48A5-AF9C-9E0AD558CF9A}.Release|iPhoneSimulator.Deploy.0 = Release|Any CPU
		{A51258B6-F2BB-48A5-AF9C-9E0AD558CF9A}.Release|x64.ActiveCfg = Release|Any CPU
		{A51258B6-F2BB-48A5-AF9C-9E0AD558CF9A}.Release|x64.Build.0 = Release|Any CPU
		{A51258B6-F2BB-48A5-AF9C-9E0AD558CF9A}.Release|x64.Deploy.0 = Release|Any CPU
		{A51258B6-F2BB-48A5-AF9C-9E0AD558CF9A}.Release|x86.ActiveCfg = Release|Any CPU
		{A51258B6-F2BB-48A5-AF9C-9E0AD558CF9A}.Release|x86.Build.0 = Release|Any CPU
		{A51258B6-F2BB-48A5-AF9C-9E0AD558CF9A}.Release|x86.Deploy.0 = Release|Any CPU
		{5149EEB5-9326-4FF7-A16E-4A9890A288D6}.Ad-Hoc|Any CPU.ActiveCfg = Ad-Hoc|iPhone
		{5149EEB5-9326-4FF7-A16E-4A9890A288D6}.Ad-Hoc|ARM.ActiveCfg = Ad-Hoc|iPhone
		{5149EEB5-9326-4FF7-A16E-4A9890A288D6}.Ad-Hoc|iPhone.ActiveCfg = Ad-Hoc|iPhone
		{5149EEB5-9326-4FF7-A16E-4A9890A288D6}.Ad-Hoc|iPhone.Build.0 = Ad-Hoc|iPhone
		{5149EEB5-9326-4FF7-A16E-4A9890A288D6}.Ad-Hoc|iPhoneSimulator.ActiveCfg = Ad-Hoc|iPhoneSimulator
		{5149EEB5-9326-4FF7-A16E-4A9890A288D6}.Ad-Hoc|iPhoneSimulator.Build.0 = Ad-Hoc|iPhoneSimulator
		{5149EEB5-9326-4FF7-A16E-4A9890A288D6}.Ad-Hoc|x64.ActiveCfg = Ad-Hoc|iPhone
		{5149EEB5-9326-4FF7-A16E-4A9890A288D6}.Ad-Hoc|x86.ActiveCfg = Ad-Hoc|iPhone
		{5149EEB5-9326-4FF7-A16E-4A9890A288D6}.AppStore|Any CPU.ActiveCfg = AppStore|iPhone
		{5149EEB5-9326-4FF7-A16E-4A9890A288D6}.AppStore|ARM.ActiveCfg = AppStore|iPhone
		{5149EEB5-9326-4FF7-A16E-4A9890A288D6}.AppStore|iPhone.ActiveCfg = AppStore|iPhone
		{5149EEB5-9326-4FF7-A16E-4A9890A288D6}.AppStore|iPhone.Build.0 = AppStore|iPhone
		{5149EEB5-9326-4FF7-A16E-4A9890A288D6}.AppStore|iPhoneSimulator.ActiveCfg = AppStore|iPhoneSimulator
		{5149EEB5-9326-4FF7-A16E-4A9890A288D6}.AppStore|iPhoneSimulator.Build.0 = AppStore|iPhoneSimulator
		{5149EEB5-9326-4FF7-A16E-4A9890A288D6}.AppStore|x64.ActiveCfg = AppStore|iPhone
		{5149EEB5-9326-4FF7-A16E-4A9890A288D6}.AppStore|x86.ActiveCfg = AppStore|iPhone
		{5149EEB5-9326-4FF7-A16E-4A9890A288D6}.Debug|Any CPU.ActiveCfg = Debug|iPhone
		{5149EEB5-9326-4FF7-A16E-4A9890A288D6}.Debug|ARM.ActiveCfg = Debug|iPhone
		{5149EEB5-9326-4FF7-A16E-4A9890A288D6}.Debug|iPhone.ActiveCfg = Debug|iPhone
		{5149EEB5-9326-4FF7-A16E-4A9890A288D6}.Debug|iPhone.Build.0 = Debug|iPhone
		{5149EEB5-9326-4FF7-A16E-4A9890A288D6}.Debug|iPhoneSimulator.ActiveCfg = Debug|iPhoneSimulator
		{5149EEB5-9326-4FF7-A16E-4A9890A288D6}.Debug|iPhoneSimulator.Build.0 = Debug|iPhoneSimulator
		{5149EEB5-9326-4FF7-A16E-4A9890A288D6}.Debug|x64.ActiveCfg = Debug|iPhone
		{5149EEB5-9326-4FF7-A16E-4A9890A288D6}.Debug|x86.ActiveCfg = Debug|iPhone
		{5149EEB5-9326-4FF7-A16E-4A9890A288D6}.Release|Any CPU.ActiveCfg = Release|iPhone
		{5149EEB5-9326-4FF7-A16E-4A9890A288D6}.Release|ARM.ActiveCfg = Release|iPhone
		{5149EEB5-9326-4FF7-A16E-4A9890A288D6}.Release|iPhone.ActiveCfg = Release|iPhone
		{5149EEB5-9326-4FF7-A16E-4A9890A288D6}.Release|iPhone.Build.0 = Release|iPhone
		{5149EEB5-9326-4FF7-A16E-4A9890A288D6}.Release|iPhoneSimulator.ActiveCfg = Release|iPhoneSimulator
		{5149EEB5-9326-4FF7-A16E-4A9890A288D6}.Release|iPhoneSimulator.Build.0 = Release|iPhoneSimulator
		{5149EEB5-9326-4FF7-A16E-4A9890A288D6}.Release|x64.ActiveCfg = Release|iPhone
		{5149EEB5-9326-4FF7-A16E-4A9890A288D6}.Release|x86.ActiveCfg = Release|iPhone
		{A3FA65AB-5767-40EA-8482-94486AC058D3}.Ad-Hoc|Any CPU.ActiveCfg = Release|x86
		{A3FA65AB-5767-40EA-8482-94486AC058D3}.Ad-Hoc|Any CPU.Build.0 = Release|x86
		{A3FA65AB-5767-40EA-8482-94486AC058D3}.Ad-Hoc|Any CPU.Deploy.0 = Release|x86
		{A3FA65AB-5767-40EA-8482-94486AC058D3}.Ad-Hoc|ARM.ActiveCfg = Release|ARM
		{A3FA65AB-5767-40EA-8482-94486AC058D3}.Ad-Hoc|ARM.Build.0 = Release|ARM
		{A3FA65AB-5767-40EA-8482-94486AC058D3}.Ad-Hoc|ARM.Deploy.0 = Release|ARM
		{A3FA65AB-5767-40EA-8482-94486AC058D3}.Ad-Hoc|iPhone.ActiveCfg = Release|x86
		{A3FA65AB-5767-40EA-8482-94486AC058D3}.Ad-Hoc|iPhone.Build.0 = Release|x86
		{A3FA65AB-5767-40EA-8482-94486AC058D3}.Ad-Hoc|iPhone.Deploy.0 = Release|x86
		{A3FA65AB-5767-40EA-8482-94486AC058D3}.Ad-Hoc|iPhoneSimulator.ActiveCfg = Release|x86
		{A3FA65AB-5767-40EA-8482-94486AC058D3}.Ad-Hoc|iPhoneSimulator.Build.0 = Release|x86
		{A3FA65AB-5767-40EA-8482-94486AC058D3}.Ad-Hoc|iPhoneSimulator.Deploy.0 = Release|x86
		{A3FA65AB-5767-40EA-8482-94486AC058D3}.Ad-Hoc|x64.ActiveCfg = Release|x64
		{A3FA65AB-5767-40EA-8482-94486AC058D3}.Ad-Hoc|x64.Build.0 = Release|x64
		{A3FA65AB-5767-40EA-8482-94486AC058D3}.Ad-Hoc|x64.Deploy.0 = Release|x64
		{A3FA65AB-5767-40EA-8482-94486AC058D3}.Ad-Hoc|x86.ActiveCfg = Release|x86
		{A3FA65AB-5767-40EA-8482-94486AC058D3}.Ad-Hoc|x86.Build.0 = Release|x86
		{A3FA65AB-5767-40EA-8482-94486AC058D3}.Ad-Hoc|x86.Deploy.0 = Release|x86
		{A3FA65AB-5767-40EA-8482-94486AC058D3}.AppStore|Any CPU.ActiveCfg = Release|x86
		{A3FA65AB-5767-40EA-8482-94486AC058D3}.AppStore|Any CPU.Build.0 = Release|x86
		{A3FA65AB-5767-40EA-8482-94486AC058D3}.AppStore|Any CPU.Deploy.0 = Release|x86
		{A3FA65AB-5767-40EA-8482-94486AC058D3}.AppStore|ARM.ActiveCfg = Release|ARM
		{A3FA65AB-5767-40EA-8482-94486AC058D3}.AppStore|ARM.Build.0 = Release|ARM
		{A3FA65AB-5767-40EA-8482-94486AC058D3}.AppStore|ARM.Deploy.0 = Release|ARM
		{A3FA65AB-5767-40EA-8482-94486AC058D3}.AppStore|iPhone.ActiveCfg = Release|x86
		{A3FA65AB-5767-40EA-8482-94486AC058D3}.AppStore|iPhone.Build.0 = Release|x86
		{A3FA65AB-5767-40EA-8482-94486AC058D3}.AppStore|iPhone.Deploy.0 = Release|x86
		{A3FA65AB-5767-40EA-8482-94486AC058D3}.AppStore|iPhoneSimulator.ActiveCfg = Release|x86
		{A3FA65AB-5767-40EA-8482-94486AC058D3}.AppStore|iPhoneSimulator.Build.0 = Release|x86
		{A3FA65AB-5767-40EA-8482-94486AC058D3}.AppStore|iPhoneSimulator.Deploy.0 = Release|x86
		{A3FA65AB-5767-40EA-8482-94486AC058D3}.AppStore|x64.ActiveCfg = Release|x64
		{A3FA65AB-5767-40EA-8482-94486AC058D3}.AppStore|x64.Build.0 = Release|x64
		{A3FA65AB-5767-40EA-8482-94486AC058D3}.AppStore|x64.Deploy.0 = Release|x64
		{A3FA65AB-5767-40EA-8482-94486AC058D3}.AppStore|x86.ActiveCfg = Release|x86
		{A3FA65AB-5767-40EA-8482-94486AC058D3}.AppStore|x86.Build.0 = Release|x86
		{A3FA65AB-5767-40EA-8482-94486AC058D3}.AppStore|x86.Deploy.0 = Release|x86
		{A3FA65AB-5767-40EA-8482-94486AC058D3}.Debug|Any CPU.ActiveCfg = Debug|x86
		{A3FA65AB-5767-40EA-8482-94486AC058D3}.Debug|ARM.ActiveCfg = Debug|ARM
		{A3FA65AB-5767-40EA-8482-94486AC058D3}.Debug|ARM.Build.0 = Debug|ARM
		{A3FA65AB-5767-40EA-8482-94486AC058D3}.Debug|ARM.Deploy.0 = Debug|ARM
		{A3FA65AB-5767-40EA-8482-94486AC058D3}.Debug|iPhone.ActiveCfg = Debug|x86
		{A3FA65AB-5767-40EA-8482-94486AC058D3}.Debug|iPhoneSimulator.ActiveCfg = Debug|x86
		{A3FA65AB-5767-40EA-8482-94486AC058D3}.Debug|x64.ActiveCfg = Debug|x64
		{A3FA65AB-5767-40EA-8482-94486AC058D3}.Debug|x64.Build.0 = Debug|x64
		{A3FA65AB-5767-40EA-8482-94486AC058D3}.Debug|x64.Deploy.0 = Debug|x64
		{A3FA65AB-5767-40EA-8482-94486AC058D3}.Debug|x86.ActiveCfg = Debug|x86
		{A3FA65AB-5767-40EA-8482-94486AC058D3}.Debug|x86.Build.0 = Debug|x86
		{A3FA65AB-5767-40EA-8482-94486AC058D3}.Debug|x86.Deploy.0 = Debug|x86
		{A3FA65AB-5767-40EA-8482-94486AC058D3}.Release|Any CPU.ActiveCfg = Release|x86
		{A3FA65AB-5767-40EA-8482-94486AC058D3}.Release|ARM.ActiveCfg = Release|ARM
		{A3FA65AB-5767-40EA-8482-94486AC058D3}.Release|ARM.Build.0 = Release|ARM
		{A3FA65AB-5767-40EA-8482-94486AC058D3}.Release|ARM.Deploy.0 = Release|ARM
		{A3FA65AB-5767-40EA-8482-94486AC058D3}.Release|iPhone.ActiveCfg = Release|x86
		{A3FA65AB-5767-40EA-8482-94486AC058D3}.Release|iPhoneSimulator.ActiveCfg = Release|x86
		{A3FA65AB-5767-40EA-8482-94486AC058D3}.Release|x64.ActiveCfg = Release|x64
		{A3FA65AB-5767-40EA-8482-94486AC058D3}.Release|x64.Build.0 = Release|x64
		{A3FA65AB-5767-40EA-8482-94486AC058D3}.Release|x64.Deploy.0 = Release|x64
		{A3FA65AB-5767-40EA-8482-94486AC058D3}.Release|x86.ActiveCfg = Release|x86
		{A3FA65AB-5767-40EA-8482-94486AC058D3}.Release|x86.Build.0 = Release|x86
		{A3FA65AB-5767-40EA-8482-94486AC058D3}.Release|x86.Deploy.0 = Release|x86
		{D462EC28-D5A1-452E-8E05-90BABF18DB7F}.Ad-Hoc|Any CPU.ActiveCfg = Debug|Any CPU
		{D462EC28-D5A1-452E-8E05-90BABF18DB7F}.Ad-Hoc|Any CPU.Build.0 = Debug|Any CPU
		{D462EC28-D5A1-452E-8E05-90BABF18DB7F}.Ad-Hoc|ARM.ActiveCfg = Debug|Any CPU
		{D462EC28-D5A1-452E-8E05-90BABF18DB7F}.Ad-Hoc|ARM.Build.0 = Debug|Any CPU
		{D462EC28-D5A1-452E-8E05-90BABF18DB7F}.Ad-Hoc|iPhone.ActiveCfg = Debug|Any CPU
		{D462EC28-D5A1-452E-8E05-90BABF18DB7F}.Ad-Hoc|iPhone.Build.0 = Debug|Any CPU
		{D462EC28-D5A1-452E-8E05-90BABF18DB7F}.Ad-Hoc|iPhoneSimulator.ActiveCfg = Debug|Any CPU
		{D462EC28-D5A1-452E-8E05-90BABF18DB7F}.Ad-Hoc|iPhoneSimulator.Build.0 = Debug|Any CPU
		{D462EC28-D5A1-452E-8E05-90BABF18DB7F}.Ad-Hoc|x64.ActiveCfg = Debug|Any CPU
		{D462EC28-D5A1-452E-8E05-90BABF18DB7F}.Ad-Hoc|x64.Build.0 = Debug|Any CPU
		{D462EC28-D5A1-452E-8E05-90BABF18DB7F}.Ad-Hoc|x86.ActiveCfg = Debug|Any CPU
		{D462EC28-D5A1-452E-8E05-90BABF18DB7F}.Ad-Hoc|x86.Build.0 = Debug|Any CPU
		{D462EC28-D5A1-452E-8E05-90BABF18DB7F}.AppStore|Any CPU.ActiveCfg = Debug|Any CPU
		{D462EC28-D5A1-452E-8E05-90BABF18DB7F}.AppStore|Any CPU.Build.0 = Debug|Any CPU
		{D462EC28-D5A1-452E-8E05-90BABF18DB7F}.AppStore|ARM.ActiveCfg = Debug|Any CPU
		{D462EC28-D5A1-452E-8E05-90BABF18DB7F}.AppStore|ARM.Build.0 = Debug|Any CPU
		{D462EC28-D5A1-452E-8E05-90BABF18DB7F}.AppStore|iPhone.ActiveCfg = Debug|Any CPU
		{D462EC28-D5A1-452E-8E05-90BABF18DB7F}.AppStore|iPhone.Build.0 = Debug|Any CPU
		{D462EC28-D5A1-452E-8E05-90BABF18DB7F}.AppStore|iPhoneSimulator.ActiveCfg = Debug|Any CPU
		{D462EC28-D5A1-452E-8E05-90BABF18DB7F}.AppStore|iPhoneSimulator.Build.0 = Debug|Any CPU
		{D462EC28-D5A1-452E-8E05-90BABF18DB7F}.AppStore|x64.ActiveCfg = Debug|Any CPU
		{D462EC28-D5A1-452E-8E05-90BABF18DB7F}.AppStore|x64.Build.0 = Debug|Any CPU
		{D462EC28-D5A1-452E-8E05-90BABF18DB7F}.AppStore|x86.ActiveCfg = Debug|Any CPU
		{D462EC28-D5A1-452E-8E05-90BABF18DB7F}.AppStore|x86.Build.0 = Debug|Any CPU
		{D462EC28-D5A1-452E-8E05-90BABF18DB7F}.Debug|Any CPU.ActiveCfg = Debug|Any CPU
		{D462EC28-D5A1-452E-8E05-90BABF18DB7F}.Debug|Any CPU.Build.0 = Debug|Any CPU
		{D462EC28-D5A1-452E-8E05-90BABF18DB7F}.Debug|ARM.ActiveCfg = Debug|Any CPU
		{D462EC28-D5A1-452E-8E05-90BABF18DB7F}.Debug|ARM.Build.0 = Debug|Any CPU
		{D462EC28-D5A1-452E-8E05-90BABF18DB7F}.Debug|iPhone.ActiveCfg = Debug|Any CPU
		{D462EC28-D5A1-452E-8E05-90BABF18DB7F}.Debug|iPhone.Build.0 = Debug|Any CPU
		{D462EC28-D5A1-452E-8E05-90BABF18DB7F}.Debug|iPhoneSimulator.ActiveCfg = Debug|Any CPU
		{D462EC28-D5A1-452E-8E05-90BABF18DB7F}.Debug|iPhoneSimulator.Build.0 = Debug|Any CPU
		{D462EC28-D5A1-452E-8E05-90BABF18DB7F}.Debug|x64.ActiveCfg = Debug|Any CPU
		{D462EC28-D5A1-452E-8E05-90BABF18DB7F}.Debug|x64.Build.0 = Debug|Any CPU
		{D462EC28-D5A1-452E-8E05-90BABF18DB7F}.Debug|x86.ActiveCfg = Debug|Any CPU
		{D462EC28-D5A1-452E-8E05-90BABF18DB7F}.Debug|x86.Build.0 = Debug|Any CPU
		{D462EC28-D5A1-452E-8E05-90BABF18DB7F}.Release|Any CPU.ActiveCfg = Release|Any CPU
		{D462EC28-D5A1-452E-8E05-90BABF18DB7F}.Release|Any CPU.Build.0 = Release|Any CPU
		{D462EC28-D5A1-452E-8E05-90BABF18DB7F}.Release|ARM.ActiveCfg = Release|Any CPU
		{D462EC28-D5A1-452E-8E05-90BABF18DB7F}.Release|ARM.Build.0 = Release|Any CPU
		{D462EC28-D5A1-452E-8E05-90BABF18DB7F}.Release|iPhone.ActiveCfg = Release|Any CPU
		{D462EC28-D5A1-452E-8E05-90BABF18DB7F}.Release|iPhone.Build.0 = Release|Any CPU
		{D462EC28-D5A1-452E-8E05-90BABF18DB7F}.Release|iPhoneSimulator.ActiveCfg = Release|Any CPU
		{D462EC28-D5A1-452E-8E05-90BABF18DB7F}.Release|iPhoneSimulator.Build.0 = Release|Any CPU
		{D462EC28-D5A1-452E-8E05-90BABF18DB7F}.Release|x64.ActiveCfg = Release|Any CPU
		{D462EC28-D5A1-452E-8E05-90BABF18DB7F}.Release|x64.Build.0 = Release|Any CPU
		{D462EC28-D5A1-452E-8E05-90BABF18DB7F}.Release|x86.ActiveCfg = Release|Any CPU
		{D462EC28-D5A1-452E-8E05-90BABF18DB7F}.Release|x86.Build.0 = Release|Any CPU
	EndGlobalSection
	GlobalSection(SolutionProperties) = preSolution
		HideSolutionNode = FALSE
	EndGlobalSection
	GlobalSection(ExtensibilityGlobals) = postSolution
		SolutionGuid = {772AC1CF-C9A0-4C6D-AAAE-260430E46498}
	EndGlobalSection
EndGlobal
